
Microsoft Visual Studio Solution File, Format Version 12.00
# Visual Studio Version 17
VisualStudioVersion = 17.5.33516.290
MinimumVisualStudioVersion = 10.0.40219.1
Project("{FAE04EC0-301F-11D3-BF4B-00C04F79EFBC}") = "LibrarySystem", "LibrarySystem\LibrarySystem.csproj", "{72F5B8FF-86E4-4C58-A889-811030BB8FD7}"
EndProject
Global
	GlobalSection(SolutionConfigurationPlatforms) = preSolution
		Debug|Any CPU = Debug|Any CPU
		Release|Any CPU = Release|Any CPU
	EndGlobalSection
	GlobalSection(ProjectConfigurationPlatforms) = postSolution
		{72F5B8FF-86E4-4C58-A889-811030BB8FD7}.Debug|Any CPU.ActiveCfg = Debug|Any CPU
		{72F5B8FF-86E4-4C58-A889-811030BB8FD7}.Debug|Any CPU.Build.0 = Debug|Any CPU
		{72F5B8FF-86E4-4C58-A889-811030BB8FD7}.Release|Any CPU.ActiveCfg = Release|Any CPU
		{72F5B8FF-86E4-4C58-A889-811030BB8FD7}.Release|Any CPU.Build.0 = Release|Any CPU
	EndGlobalSection
	GlobalSection(SolutionProperties) = preSolution
		HideSolutionNode = FALSE
	EndGlobalSection
	GlobalSection(ExtensibilityGlobals) = postSolution
		SolutionGuid = {734ACADE-150B-4AE4-A7AE-388EE516479A}
	EndGlobalSection
EndGlobal
